// !$*UTF8*$!
{
	archiveVersion = 1;
	classes = {
	};
	objectVersion = 46;
	objects = {

/* Begin PBXBuildFile section */
		2AEA5EEB1D44251F00CCF475 /* AppDelegate.swift in Sources */ = {isa = PBXBuildFile; fileRef = 2AEA5EEA1D44251F00CCF475 /* AppDelegate.swift */; };
		2AEA5EED1D44251F00CCF475 /* ViewController.swift in Sources */ = {isa = PBXBuildFile; fileRef = 2AEA5EEC1D44251F00CCF475 /* ViewController.swift */; };
		2AEA5EF01D44251F00CCF475 /* Main.storyboard in Resources */ = {isa = PBXBuildFile; fileRef = 2AEA5EEE1D44251F00CCF475 /* Main.storyboard */; };
		2AEA5EF51D44251F00CCF475 /* Assets.xcassets in Resources */ = {isa = PBXBuildFile; fileRef = 2AEA5EF41D44251F00CCF475 /* Assets.xcassets */; };
		2AEA5EF81D44251F00CCF475 /* LaunchScreen.storyboard in Resources */ = {isa = PBXBuildFile; fileRef = 2AEA5EF61D44251F00CCF475 /* LaunchScreen.storyboard */; };
		2AEA5F001D444D1900CCF475 /* pokemon.csv in Resources */ = {isa = PBXBuildFile; fileRef = 2AEA5EFF1D444D1900CCF475 /* pokemon.csv */; };
		2AEA5F031D444F1000CCF475 /* Pokemon.swift in Sources */ = {isa = PBXBuildFile; fileRef = 2AEA5F021D444F1000CCF475 /* Pokemon.swift */; };
		2AEA5F071D4456C900CCF475 /* PokeCell.swift in Sources */ = {isa = PBXBuildFile; fileRef = 2AEA5F061D4456C900CCF475 /* PokeCell.swift */; };
		2AEA5F091D4559E700CCF475 /* csv.swift in Sources */ = {isa = PBXBuildFile; fileRef = 2AEA5F081D4559E700CCF475 /* csv.swift */; };
/* End PBXBuildFile section */

/* Begin PBXFileReference section */
		2AEA5EE71D44251F00CCF475 /* Pokedex.app */ = {isa = PBXFileReference; explicitFileType = wrapper.application; includeInIndex = 0; path = Pokedex.app; sourceTree = BUILT_PRODUCTS_DIR; };
		2AEA5EEA1D44251F00CCF475 /* AppDelegate.swift */ = {isa = PBXFileReference; lastKnownFileType = sourcecode.swift; path = AppDelegate.swift; sourceTree = "<group>"; };
		2AEA5EEC1D44251F00CCF475 /* ViewController.swift */ = {isa = PBXFileReference; lastKnownFileType = sourcecode.swift; path = ViewController.swift; sourceTree = "<group>"; };
		2AEA5EEF1D44251F00CCF475 /* Base */ = {isa = PBXFileReference; lastKnownFileType = file.storyboard; name = Base; path = Base.lproj/Main.storyboard; sourceTree = "<group>"; };
		2AEA5EF41D44251F00CCF475 /* Assets.xcassets */ = {isa = PBXFileReference; lastKnownFileType = folder.assetcatalog; path = Assets.xcassets; sourceTree = "<group>"; };
		2AEA5EF71D44251F00CCF475 /* Base */ = {isa = PBXFileReference; lastKnownFileType = file.storyboard; name = Base; path = Base.lproj/LaunchScreen.storyboard; sourceTree = "<group>"; };
		2AEA5EF91D44251F00CCF475 /* Info.plist */ = {isa = PBXFileReference; lastKnownFileType = text.plist.xml; path = Info.plist; sourceTree = "<group>"; };
		2AEA5EFF1D444D1900CCF475 /* pokemon.csv */ = {isa = PBXFileReference; fileEncoding = 4; lastKnownFileType = text; path = pokemon.csv; sourceTree = "<group>"; };
		2AEA5F021D444F1000CCF475 /* Pokemon.swift */ = {isa = PBXFileReference; fileEncoding = 4; lastKnownFileType = sourcecode.swift; path = Pokemon.swift; sourceTree = "<group>"; };
		2AEA5F061D4456C900CCF475 /* PokeCell.swift */ = {isa = PBXFileReference; fileEncoding = 4; lastKnownFileType = sourcecode.swift; path = PokeCell.swift; sourceTree = "<group>"; };
		2AEA5F081D4559E700CCF475 /* csv.swift */ = {isa = PBXFileReference; fileEncoding = 4; lastKnownFileType = sourcecode.swift; path = csv.swift; sourceTree = "<group>"; };
/* End PBXFileReference section */

/* Begin PBXFrameworksBuildPhase section */
		2AEA5EE41D44251F00CCF475 /* Frameworks */ = {
			isa = PBXFrameworksBuildPhase;
			buildActionMask = 2147483647;
			files = (
			);
			runOnlyForDeploymentPostprocessing = 0;
		};
/* End PBXFrameworksBuildPhase section */

/* Begin PBXGroup section */
		2AEA5EDE1D44251F00CCF475 = {
			isa = PBXGroup;
			children = (
				2AEA5EE91D44251F00CCF475 /* Pokedex */,
				2AEA5EE81D44251F00CCF475 /* Products */,
			);
			sourceTree = "<group>";
		};
		2AEA5EE81D44251F00CCF475 /* Products */ = {
			isa = PBXGroup;
			children = (
				2AEA5EE71D44251F00CCF475 /* Pokedex.app */,
			);
			name = Products;
			sourceTree = "<group>";
		};
		2AEA5EE91D44251F00CCF475 /* Pokedex */ = {
			isa = PBXGroup;
			children = (
				2AEA5F0B1D455A1600CCF475 /* Resources */,
				2AEA5F011D444F0000CCF475 /* Model */,
				2AEA5F041D444FB100CCF475 /* View */,
				2AEA5F051D444FB800CCF475 /* Controller */,
				2AEA5F0A1D455A0000CCF475 /* Utilities */,
				2AEA5EEA1D44251F00CCF475 /* AppDelegate.swift */,
				2AEA5EF41D44251F00CCF475 /* Assets.xcassets */,
				2AEA5EF91D44251F00CCF475 /* Info.plist */,
			);
			path = Pokedex;
			sourceTree = "<group>";
		};
		2AEA5F011D444F0000CCF475 /* Model */ = {
			isa = PBXGroup;
			children = (
				2AEA5F021D444F1000CCF475 /* Pokemon.swift */,
			);
			name = Model;
			sourceTree = "<group>";
		};
		2AEA5F041D444FB100CCF475 /* View */ = {
			isa = PBXGroup;
			children = (
				2AEA5EEE1D44251F00CCF475 /* Main.storyboard */,
				2AEA5EF61D44251F00CCF475 /* LaunchScreen.storyboard */,
				2AEA5F061D4456C900CCF475 /* PokeCell.swift */,
			);
			name = View;
			sourceTree = "<group>";
		};
		2AEA5F051D444FB800CCF475 /* Controller */ = {
			isa = PBXGroup;
			children = (
				2AEA5EEC1D44251F00CCF475 /* ViewController.swift */,
			);
			name = Controller;
			sourceTree = "<group>";
		};
		2AEA5F0A1D455A0000CCF475 /* Utilities */ = {
			isa = PBXGroup;
			children = (
				2AEA5F081D4559E700CCF475 /* csv.swift */,
			);
			name = Utilities;
			sourceTree = "<group>";
		};
		2AEA5F0B1D455A1600CCF475 /* Resources */ = {
			isa = PBXGroup;
			children = (
				2AEA5EFF1D444D1900CCF475 /* pokemon.csv */,
			);
			name = Resources;
			sourceTree = "<group>";
		};
/* End PBXGroup section */

/* Begin PBXNativeTarget section */
		2AEA5EE61D44251F00CCF475 /* Pokedex */ = {
			isa = PBXNativeTarget;
			buildConfigurationList = 2AEA5EFC1D44251F00CCF475 /* Build configuration list for PBXNativeTarget "Pokedex" */;
			buildPhases = (
				2AEA5EE31D44251F00CCF475 /* Sources */,
				2AEA5EE41D44251F00CCF475 /* Frameworks */,
				2AEA5EE51D44251F00CCF475 /* Resources */,
			);
			buildRules = (
			);
			dependencies = (
			);
			name = Pokedex;
			productName = Pokedex;
			productReference = 2AEA5EE71D44251F00CCF475 /* Pokedex.app */;
			productType = "com.apple.product-type.application";
		};
/* End PBXNativeTarget section */

/* Begin PBXProject section */
		2AEA5EDF1D44251F00CCF475 /* Project object */ = {
			isa = PBXProject;
			attributes = {
				LastSwiftUpdateCheck = 0730;
				LastUpgradeCheck = 0730;
				ORGANIZATIONNAME = "Ayush Kumar";
				TargetAttributes = {
					2AEA5EE61D44251F00CCF475 = {
						CreatedOnToolsVersion = 7.3.1;
					};
				};
			};
			buildConfigurationList = 2AEA5EE21D44251F00CCF475 /* Build configuration list for PBXProject "Pokedex" */;
			compatibilityVersion = "Xcode 3.2";
			developmentRegion = English;
			hasScannedForEncodings = 0;
			knownRegions = (
				en,
				Base,
			);
			mainGroup = 2AEA5EDE1D44251F00CCF475;
			productRefGroup = 2AEA5EE81D44251F00CCF475 /* Products */;
			projectDirPath = "";
			projectRoot = "";
			targets = (
				2AEA5EE61D44251F00CCF475 /* Pokedex */,
			);
		};
/* End PBXProject section */

/* Begin PBXResourcesBuildPhase section */
		2AEA5EE51D44251F00CCF475 /* Resources */ = {
			isa = PBXResourcesBuildPhase;
			buildActionMask = 2147483647;
			files = (
				2AEA5EF81D44251F00CCF475 /* LaunchScreen.storyboard in Resources */,
				2AEA5EF51D44251F00CCF475 /* Assets.xcassets in Resources */,
				2AEA5F001D444D1900CCF475 /* pokemon.csv in Resources */,
				2AEA5EF01D44251F00CCF475 /* Main.storyboard in Resources */,
			);
			runOnlyForDeploymentPostprocessing = 0;
		};
/* End PBXResourcesBuildPhase section */

/* Begin PBXSourcesBuildPhase section */
		2AEA5EE31D44251F00CCF475 /* Sources */ = {
			isa = PBXSourcesBuildPhase;
			buildActionMask = 2147483647;
			files = (
				2AEA5F071D4456C900CCF475 /* PokeCell.swift in Sources */,
				2AEA5EED1D44251F00CCF475 /* ViewController.swift in Sources */,
				2AEA5F031D444F1000CCF475 /* Pokemon.swift in Sources */,
				2AEA5EEB1D44251F00CCF475 /* AppDelegate.swift in Sources */,
				2AEA5F091D4559E700CCF475 /* csv.swift in Sources */,
			);
			runOnlyForDeploymentPostprocessing = 0;
		};
/* End PBXSourcesBuildPhase section */

/* Begin PBXVariantGroup section */
		2AEA5EEE1D44251F00CCF475 /* Main.storyboard */ = {
			isa = PBXVariantGroup;
			children = (
				2AEA5EEF1D44251F00CCF475 /* Base */,
			);
			name = Main.storyboard;
			sourceTree = "<group>";
		};
		2AEA5EF61D44251F00CCF475 /* LaunchScreen.storyboard */ = {
			isa = PBXVariantGroup;
			children = (
				2AEA5EF71D44251F00CCF475 /* Base */,
			);
			name = LaunchScreen.storyboard;
			sourceTree = "<group>";
		};
/* End PBXVariantGroup section */

/* Begin XCBuildConfiguration section */
		2AEA5EFA1D44251F00CCF475 /* Debug */ = {
			isa = XCBuildConfiguration;
			buildSettings = {
				ALWAYS_SEARCH_USER_PATHS = NO;
				CLANG_ANALYZER_NONNULL = YES;
				CLANG_CXX_LANGUAGE_STANDARD = "gnu++0x";
				CLANG_CXX_LIBRARY = "libc++";
				CLANG_ENABLE_MODULES = YES;
				CLANG_ENABLE_OBJC_ARC = YES;
				CLANG_WARN_BOOL_CONVERSION = YES;
				CLANG_WARN_CONSTANT_CONVERSION = YES;
				CLANG_WARN_DIRECT_OBJC_ISA_USAGE = YES_ERROR;
				CLANG_WARN_EMPTY_BODY = YES;
				CLANG_WARN_ENUM_CONVERSION = YES;
				CLANG_WARN_INT_CONVERSION = YES;
				CLANG_WARN_OBJC_ROOT_CLASS = YES_ERROR;
				CLANG_WARN_UNREACHABLE_CODE = YES;
				CLANG_WARN__DUPLICATE_METHOD_MATCH = YES;
				"CODE_SIGN_IDENTITY[sdk=iphoneos*]" = "iPhone Developer";
				COPY_PHASE_STRIP = NO;
				DEBUG_INFORMATION_FORMAT = dwarf;
				ENABLE_STRICT_OBJC_MSGSEND = YES;
				ENABLE_TESTABILITY = YES;
				GCC_C_LANGUAGE_STANDARD = gnu99;
				GCC_DYNAMIC_NO_PIC = NO;
				GCC_NO_COMMON_BLOCKS = YES;
				GCC_OPTIMIZATION_LEVEL = 0;
				GCC_PREPROCESSOR_DEFINITIONS = (
					"DEBUG=1",
					"$(inherited)",
				);
				GCC_WARN_64_TO_32_BIT_CONVERSION = YES;
				GCC_WARN_ABOUT_RETURN_TYPE = YES_ERROR;
				GCC_WARN_UNDECLARED_SELECTOR = YES;
				GCC_WARN_UNINITIALIZED_AUTOS = YES_AGGRESSIVE;
				GCC_WARN_UNUSED_FUNCTION = YES;
				GCC_WARN_UNUSED_VARIABLE = YES;
				IPHONEOS_DEPLOYMENT_TARGET = 9.3;
				MTL_ENABLE_DEBUG_INFO = YES;
				ONLY_ACTIVE_ARCH = YES;
				SDKROOT = iphoneos;
				SWIFT_OPTIMIZATION_LEVEL = "-Onone";
			};
			name = Debug;
		};
		2AEA5EFB1D44251F00CCF475 /* Release */ = {
			isa = XCBuildConfiguration;
			buildSettings = {
				ALWAYS_SEARCH_USER_PATHS = NO;
				CLANG_ANALYZER_NONNULL = YES;
				CLANG_CXX_LANGUAGE_STANDARD = "gnu++0x";
				CLANG_CXX_LIBRARY = "libc++";
				CLANG_ENABLE_MODULES = YES;
				CLANG_ENABLE_OBJC_ARC = YES;
				CLANG_WARN_BOOL_CONVERSION = YES;
				CLANG_WARN_CONSTANT_CONVERSION = YES;
				CLANG_WARN_DIRECT_OBJC_ISA_USAGE = YES_ERROR;
				CLANG_WARN_EMPTY_BODY = YES;
				CLANG_WARN_ENUM_CONVERSION = YES;
				CLANG_WARN_INT_CONVERSION = YES;
				CLANG_WARN_OBJC_ROOT_CLASS = YES_ERROR;
				CLANG_WARN_UNREACHABLE_CODE = YES;
				CLANG_WARN__DUPLICATE_METHOD_MATCH = YES;
				"CODE_SIGN_IDENTITY[sdk=iphoneos*]" = "iPhone Developer";
				COPY_PHASE_STRIP = NO;
				DEBUG_INFORMATION_FORMAT = "dwarf-with-dsym";
				ENABLE_NS_ASSERTIONS = NO;
				ENABLE_STRICT_OBJC_MSGSEND = YES;
				GCC_C_LANGUAGE_STANDARD = gnu99;
				GCC_NO_COMMON_BLOCKS = YES;
				GCC_WARN_64_TO_32_BIT_CONVERSION = YES;
				GCC_WARN_ABOUT_RETURN_TYPE = YES_ERROR;
				GCC_WARN_UNDECLARED_SELECTOR = YES;
				GCC_WARN_UNINITIALIZED_AUTOS = YES_AGGRESSIVE;
				GCC_WARN_UNUSED_FUNCTION = YES;
				GCC_WARN_UNUSED_VARIABLE = YES;
				IPHONEOS_DEPLOYMENT_TARGET = 9.3;
				MTL_ENABLE_DEBUG_INFO = NO;
				SDKROOT = iphoneos;
				VALIDATE_PRODUCT = YES;
			};
			name = Release;
		};
		2AEA5EFD1D44251F00CCF475 /* Debug */ = {
			isa = XCBuildConfiguration;
			buildSettings = {
				ASSETCATALOG_COMPILER_APPICON_NAME = AppIcon;
				INFOPLIST_FILE = Pokedex/Info.plist;
				LD_RUNPATH_SEARCH_PATHS = "$(inherited) @executable_path/Frameworks";
				PRODUCT_BUNDLE_IDENTIFIER = com.example.Pokedex;
				PRODUCT_NAME = "$(TARGET_NAME)";
			};
			name = Debug;
		};
		2AEA5EFE1D44251F00CCF475 /* Release */ = {
			isa = XCBuildConfiguration;
			buildSettings = {
				ASSETCATALOG_COMPILER_APPICON_NAME = AppIcon;
				INFOPLIST_FILE = Pokedex/Info.plist;
				LD_RUNPATH_SEARCH_PATHS = "$(inherited) @executable_path/Frameworks";
				PRODUCT_BUNDLE_IDENTIFIER = com.example.Pokedex;
				PRODUCT_NAME = "$(TARGET_NAME)";
			};
			name = Release;
		};
/* End XCBuildConfiguration section */

/* Begin XCConfigurationList section */
		2AEA5EE21D44251F00CCF475 /* Build configuration list for PBXProject "Pokedex" */ = {
			isa = XCConfigurationList;
			buildConfigurations = (
				2AEA5EFA1D44251F00CCF475 /* Debug */,
				2AEA5EFB1D44251F00CCF475 /* Release */,
			);
			defaultConfigurationIsVisible = 0;
			defaultConfigurationName = Release;
		};
		2AEA5EFC1D44251F00CCF475 /* Build configuration list for PBXNativeTarget "Pokedex" */ = {
			isa = XCConfigurationList;
			buildConfigurations = (
				2AEA5EFD1D44251F00CCF475 /* Debug */,
				2AEA5EFE1D44251F00CCF475 /* Release */,
			);
			defaultConfigurationIsVisible = 0;
		};
/* End XCConfigurationList section */
	};
	rootObject = 2AEA5EDF1D44251F00CCF475 /* Project object */;
}
